
Microsoft Visual Studio Solution File, Format Version 12.00
# Visual Studio Version 17
VisualStudioVersion = 17.11.35303.130
MinimumVisualStudioVersion = 10.0.40219.1
Project("{2150E333-8FDC-42A3-9474-1A3956D46DE8}") = "Task0", "Task0", "{960DBF67-016F-439B-8BE7-F0C5EBB8D518}"
EndProject
Project("{FAE04EC0-301F-11D3-BF4B-00C04F79EFBC}") = "Tyuiu.FilatovDK.Sprint2.Task0.V13", "Tyuiu.FilatovDK.Sprint2.Task0.V13\Tyuiu.FilatovDK.Sprint2.Task0.V13.csproj", "{93DE2E81-7445-4B44-92E9-B0063D32D645}"
EndProject
Project("{FAE04EC0-301F-11D3-BF4B-00C04F79EFBC}") = "Tyuiu.FilatovDK.Sprint2.Task0.V13.Test", "Tyuiu.FilatovDK.Sprint2.Task0.V13.Test\Tyuiu.FilatovDK.Sprint2.Task0.V13.Test.csproj", "{6CB20D8B-9229-4195-8B44-DF2B6BCB40B9}"
EndProject
Project("{FAE04EC0-301F-11D3-BF4B-00C04F79EFBC}") = "Tyuiu.FilatovDK.Sprint2.Task0.V13.Lib", "Tyuiu.FilatovDK.Sprint2.Task0.V13.Lib\Tyuiu.FilatovDK.Sprint2.Task0.V13.Lib.csproj", "{20FF8082-8F3E-47DA-A979-1BAC3B0CA256}"
EndProject
Project("{2150E333-8FDC-42A3-9474-1A3956D46DE8}") = "Task1", "Task1", "{49F4C11A-CE0B-4B10-9AF5-C3CC2FE46B3C}"
EndProject
Project("{FAE04EC0-301F-11D3-BF4B-00C04F79EFBC}") = "Tyuiu.FilatovDK.Sprint2.Task1.V3", "Tyuiu.FilatovDK.Sprint2.Task1.V3\Tyuiu.FilatovDK.Sprint2.Task1.V3.csproj", "{46F4D3AF-EB81-4C39-9407-F2C21B76FCD9}"
EndProject
Project("{FAE04EC0-301F-11D3-BF4B-00C04F79EFBC}") = "Tyuiu.FilatovDK.Sprint2.Task1.V3.Lib", "Tyuiu.FilatovDK.Sprint2.Task1.V3.Lib\Tyuiu.FilatovDK.Sprint2.Task1.V3.Lib.csproj", "{CA0A0D1C-ADFF-488D-83F5-4B476F368975}"
EndProject
Project("{FAE04EC0-301F-11D3-BF4B-00C04F79EFBC}") = "Tyuiu.FilatovDK.Sprint2.Task1.V3.Test", "Tyuiu.FilatovDK.Sprint2.Task1.V3.Test\Tyuiu.FilatovDK.Sprint2.Task1.V3.Test.csproj", "{37D46072-D491-4B07-9E46-271155FA48B8}"
EndProject
Project("{2150E333-8FDC-42A3-9474-1A3956D46DE8}") = "Task2", "Task2", "{EBC4CC17-F7BD-4EB2-9355-AF5250E08D66}"
EndProject
Project("{FAE04EC0-301F-11D3-BF4B-00C04F79EFBC}") = "Tyuiu.FilatovDK.Sprint2.Task2.V3", "Tyuiu.FilatovDK.Sprint2.Task2.V3\Tyuiu.FilatovDK.Sprint2.Task2.V3.csproj", "{C414EC2A-5AC7-44DA-8084-083DD2A64952}"
EndProject
Project("{FAE04EC0-301F-11D3-BF4B-00C04F79EFBC}") = "Tyuiu.FilatovDK.Sprint2.Task2.V3.Lib", "Tyuiu.FilatovDK.Sprint2.Task2.V3.Lib\Tyuiu.FilatovDK.Sprint2.Task2.V3.Lib.csproj", "{CE3239E5-3E99-4FB1-B870-5C1C5E35CDCF}"
EndProject
Project("{FAE04EC0-301F-11D3-BF4B-00C04F79EFBC}") = "Tyuiu.FilatovDK.Sprint2.Task2.V3.Test", "Tyuiu.FilatovDK.Sprint2.Task2.V3.Test\Tyuiu.FilatovDK.Sprint2.Task2.V3.Test.csproj", "{576C9C4B-34D3-4893-BE1E-64BFB0EF6EBD}"
EndProject
Project("{2150E333-8FDC-42A3-9474-1A3956D46DE8}") = "Task3", "Task3", "{9531C838-365A-485D-80DF-588221F8F8E0}"
EndProject
Project("{FAE04EC0-301F-11D3-BF4B-00C04F79EFBC}") = "Tyuiu.FilatovDK.Sprint2.Task3.V23", "Tyuiu.FilatovDK.Sprint2.Task3.V23\Tyuiu.FilatovDK.Sprint2.Task3.V23.csproj", "{5BEBE828-4934-433A-89E4-0C8A7E21F13F}"
EndProject
Project("{FAE04EC0-301F-11D3-BF4B-00C04F79EFBC}") = "Tyuiu.FilatovDK.Sprint2.Task3.V23.Lib", "Tyuiu.FilatovDK.Sprint2.Task3.V23.Lib\Tyuiu.FilatovDK.Sprint2.Task3.V23.Lib.csproj", "{9724FD05-6872-40E4-80BA-D39445942A7A}"
EndProject
Project("{FAE04EC0-301F-11D3-BF4B-00C04F79EFBC}") = "Tyuiu.FilatovDK.Sprint2.Task3.V23.Test", "Tyuiu.FilatovDK.Sprint2.Task3.V23.Test\Tyuiu.FilatovDK.Sprint2.Task3.V23.Test.csproj", "{815E5A45-E8C2-47A1-96D0-585E68F18B1F}"
EndProject
Project("{2150E333-8FDC-42A3-9474-1A3956D46DE8}") = "Task4", "Task4", "{A5AE4B4F-4329-4557-A098-6A6F31F7F36A}"
EndProject
Project("{FAE04EC0-301F-11D3-BF4B-00C04F79EFBC}") = "Tyuiu.FilatovDK.Sprint2.Task4.V6", "Tyuiu.FilatovDK.Sprint2.Task4.V6\Tyuiu.FilatovDK.Sprint2.Task4.V6.csproj", "{0803D507-45A9-4636-B25C-001451429545}"
EndProject
Project("{FAE04EC0-301F-11D3-BF4B-00C04F79EFBC}") = "Tyuiu.FilatovDK.Sprint2.Task4.V6.Lib", "Tyuiu.FilatovDK.Sprint2.Task4.V6.Lib\Tyuiu.FilatovDK.Sprint2.Task4.V6.Lib.csproj", "{CCC14079-D0E3-4C20-9D55-66B686F40872}"
EndProject
Project("{FAE04EC0-301F-11D3-BF4B-00C04F79EFBC}") = "Tyuiu.FilatovDK.Sprint2.Task4.V6.Test", "Tyuiu.FilatovDK.Sprint2.Task4.V6.Test\Tyuiu.FilatovDK.Sprint2.Task4.V6.Test.csproj", "{A8484518-DE08-4D59-A584-DC60458E97D3}"
EndProject
Project("{2150E333-8FDC-42A3-9474-1A3956D46DE8}") = "Task5", "Task5", "{CE7675EE-0CA6-45F0-920D-CA1CB6C96C22}"
EndProject
Project("{FAE04EC0-301F-11D3-BF4B-00C04F79EFBC}") = "Tyuiu.FilatovDK.Sprint2.Task5.V12", "Tyuiu.FilatovDK.Sprint2.Task5.V12\Tyuiu.FilatovDK.Sprint2.Task5.V12.csproj", "{5DA9C158-D44A-4C36-9143-2E03558235F8}"
EndProject
Project("{FAE04EC0-301F-11D3-BF4B-00C04F79EFBC}") = "Tyuiu.FilatovDK.Sprint2.Task5.V12.Test", "Tyuiu.FilatovDK.Sprint2.Task5.V12.Test\Tyuiu.FilatovDK.Sprint2.Task5.V12.Test.csproj", "{41146188-4D56-41CD-8455-66EB619F17E3}"
EndProject
Project("{FAE04EC0-301F-11D3-BF4B-00C04F79EFBC}") = "Tyuiu.FilatovDK.Sprint2.Task5.V12.Lib", "Tyuiu.FilatovDK.Sprint2.Task5.V12.Lib\Tyuiu.FilatovDK.Sprint2.Task5.V12.Lib.csproj", "{53BD0F61-CD4A-4765-80BF-1EF91767931D}"
EndProject
Project("{2150E333-8FDC-42A3-9474-1A3956D46DE8}") = "Task6", "Task6", "{E6668E05-4CCD-4DCC-9A37-6DE4FCCBDB93}"
EndProject
Project("{FAE04EC0-301F-11D3-BF4B-00C04F79EFBC}") = "Tyuiu.FilatovDK.Sprint2.Task6.V6", "Tyuiu.FilatovDK.Sprint2.Task6.V6\Tyuiu.FilatovDK.Sprint2.Task6.V6.csproj", "{8367AC99-AB3B-4390-9E75-8E5AA7394E45}"
EndProject
Project("{FAE04EC0-301F-11D3-BF4B-00C04F79EFBC}") = "Tyuiu.FilatovDK.Sprint2.Task6.V6.Lib", "Tyuiu.FilatovDK.Sprint2.Task6.V6.Lib\Tyuiu.FilatovDK.Sprint2.Task6.V6.Lib.csproj", "{FD94C227-E23D-43FA-9480-BC6821041EE9}"
EndProject
Project("{FAE04EC0-301F-11D3-BF4B-00C04F79EFBC}") = "Tyuiu.FilatovDK.Sprint2.Task6.V6.Test", "Tyuiu.FilatovDK.Sprint2.Task6.V6.Test\Tyuiu.FilatovDK.Sprint2.Task6.V6.Test.csproj", "{B3818F69-568D-4D2F-B602-E6092EF427D9}"
EndProject
Global
	GlobalSection(SolutionConfigurationPlatforms) = preSolution
		Debug|Any CPU = Debug|Any CPU
		Release|Any CPU = Release|Any CPU
	EndGlobalSection
	GlobalSection(ProjectConfigurationPlatforms) = postSolution
		{93DE2E81-7445-4B44-92E9-B0063D32D645}.Debug|Any CPU.ActiveCfg = Debug|Any CPU
		{93DE2E81-7445-4B44-92E9-B0063D32D645}.Debug|Any CPU.Build.0 = Debug|Any CPU
		{93DE2E81-7445-4B44-92E9-B0063D32D645}.Release|Any CPU.ActiveCfg = Release|Any CPU
		{93DE2E81-7445-4B44-92E9-B0063D32D645}.Release|Any CPU.Build.0 = Release|Any CPU
		{6CB20D8B-9229-4195-8B44-DF2B6BCB40B9}.Debug|Any CPU.ActiveCfg = Debug|Any CPU
		{6CB20D8B-9229-4195-8B44-DF2B6BCB40B9}.Debug|Any CPU.Build.0 = Debug|Any CPU
		{6CB20D8B-9229-4195-8B44-DF2B6BCB40B9}.Release|Any CPU.ActiveCfg = Release|Any CPU
		{6CB20D8B-9229-4195-8B44-DF2B6BCB40B9}.Release|Any CPU.Build.0 = Release|Any CPU
		{20FF8082-8F3E-47DA-A979-1BAC3B0CA256}.Debug|Any CPU.ActiveCfg = Debug|Any CPU
		{20FF8082-8F3E-47DA-A979-1BAC3B0CA256}.Debug|Any CPU.Build.0 = Debug|Any CPU
		{20FF8082-8F3E-47DA-A979-1BAC3B0CA256}.Release|Any CPU.ActiveCfg = Release|Any CPU
		{20FF8082-8F3E-47DA-A979-1BAC3B0CA256}.Release|Any CPU.Build.0 = Release|Any CPU
		{46F4D3AF-EB81-4C39-9407-F2C21B76FCD9}.Debug|Any CPU.ActiveCfg = Debug|Any CPU
		{46F4D3AF-EB81-4C39-9407-F2C21B76FCD9}.Debug|Any CPU.Build.0 = Debug|Any CPU
		{46F4D3AF-EB81-4C39-9407-F2C21B76FCD9}.Release|Any CPU.ActiveCfg = Release|Any CPU
		{46F4D3AF-EB81-4C39-9407-F2C21B76FCD9}.Release|Any CPU.Build.0 = Release|Any CPU
		{CA0A0D1C-ADFF-488D-83F5-4B476F368975}.Debug|Any CPU.ActiveCfg = Debug|Any CPU
		{CA0A0D1C-ADFF-488D-83F5-4B476F368975}.Debug|Any CPU.Build.0 = Debug|Any CPU
		{CA0A0D1C-ADFF-488D-83F5-4B476F368975}.Release|Any CPU.ActiveCfg = Release|Any CPU
		{CA0A0D1C-ADFF-488D-83F5-4B476F368975}.Release|Any CPU.Build.0 = Release|Any CPU
		{37D46072-D491-4B07-9E46-271155FA48B8}.Debug|Any CPU.ActiveCfg = Debug|Any CPU
		{37D46072-D491-4B07-9E46-271155FA48B8}.Debug|Any CPU.Build.0 = Debug|Any CPU
		{37D46072-D491-4B07-9E46-271155FA48B8}.Release|Any CPU.ActiveCfg = Release|Any CPU
		{37D46072-D491-4B07-9E46-271155FA48B8}.Release|Any CPU.Build.0 = Release|Any CPU
		{C414EC2A-5AC7-44DA-8084-083DD2A64952}.Debug|Any CPU.ActiveCfg = Debug|Any CPU
		{C414EC2A-5AC7-44DA-8084-083DD2A64952}.Debug|Any CPU.Build.0 = Debug|Any CPU
		{C414EC2A-5AC7-44DA-8084-083DD2A64952}.Release|Any CPU.ActiveCfg = Release|Any CPU
		{C414EC2A-5AC7-44DA-8084-083DD2A64952}.Release|Any CPU.Build.0 = Release|Any CPU
		{CE3239E5-3E99-4FB1-B870-5C1C5E35CDCF}.Debug|Any CPU.ActiveCfg = Debug|Any CPU
		{CE3239E5-3E99-4FB1-B870-5C1C5E35CDCF}.Debug|Any CPU.Build.0 = Debug|Any CPU
		{CE3239E5-3E99-4FB1-B870-5C1C5E35CDCF}.Release|Any CPU.ActiveCfg = Release|Any CPU
		{CE3239E5-3E99-4FB1-B870-5C1C5E35CDCF}.Release|Any CPU.Build.0 = Release|Any CPU
		{576C9C4B-34D3-4893-BE1E-64BFB0EF6EBD}.Debug|Any CPU.ActiveCfg = Debug|Any CPU
		{576C9C4B-34D3-4893-BE1E-64BFB0EF6EBD}.Debug|Any CPU.Build.0 = Debug|Any CPU
		{576C9C4B-34D3-4893-BE1E-64BFB0EF6EBD}.Release|Any CPU.ActiveCfg = Release|Any CPU
		{576C9C4B-34D3-4893-BE1E-64BFB0EF6EBD}.Release|Any CPU.Build.0 = Release|Any CPU
		{5BEBE828-4934-433A-89E4-0C8A7E21F13F}.Debug|Any CPU.ActiveCfg = Debug|Any CPU
		{5BEBE828-4934-433A-89E4-0C8A7E21F13F}.Debug|Any CPU.Build.0 = Debug|Any CPU
		{5BEBE828-4934-433A-89E4-0C8A7E21F13F}.Release|Any CPU.ActiveCfg = Release|Any CPU
		{5BEBE828-4934-433A-89E4-0C8A7E21F13F}.Release|Any CPU.Build.0 = Release|Any CPU
		{9724FD05-6872-40E4-80BA-D39445942A7A}.Debug|Any CPU.ActiveCfg = Debug|Any CPU
		{9724FD05-6872-40E4-80BA-D39445942A7A}.Debug|Any CPU.Build.0 = Debug|Any CPU
		{9724FD05-6872-40E4-80BA-D39445942A7A}.Release|Any CPU.ActiveCfg = Release|Any CPU
		{9724FD05-6872-40E4-80BA-D39445942A7A}.Release|Any CPU.Build.0 = Release|Any CPU
		{815E5A45-E8C2-47A1-96D0-585E68F18B1F}.Debug|Any CPU.ActiveCfg = Debug|Any CPU
		{815E5A45-E8C2-47A1-96D0-585E68F18B1F}.Debug|Any CPU.Build.0 = Debug|Any CPU
		{815E5A45-E8C2-47A1-96D0-585E68F18B1F}.Release|Any CPU.ActiveCfg = Release|Any CPU
		{815E5A45-E8C2-47A1-96D0-585E68F18B1F}.Release|Any CPU.Build.0 = Release|Any CPU
		{0803D507-45A9-4636-B25C-001451429545}.Debug|Any CPU.ActiveCfg = Debug|Any CPU
		{0803D507-45A9-4636-B25C-001451429545}.Debug|Any CPU.Build.0 = Debug|Any CPU
		{0803D507-45A9-4636-B25C-001451429545}.Release|Any CPU.ActiveCfg = Release|Any CPU
		{0803D507-45A9-4636-B25C-001451429545}.Release|Any CPU.Build.0 = Release|Any CPU
		{CCC14079-D0E3-4C20-9D55-66B686F40872}.Debug|Any CPU.ActiveCfg = Debug|Any CPU
		{CCC14079-D0E3-4C20-9D55-66B686F40872}.Debug|Any CPU.Build.0 = Debug|Any CPU
		{CCC14079-D0E3-4C20-9D55-66B686F40872}.Release|Any CPU.ActiveCfg = Release|Any CPU
		{CCC14079-D0E3-4C20-9D55-66B686F40872}.Release|Any CPU.Build.0 = Release|Any CPU
		{A8484518-DE08-4D59-A584-DC60458E97D3}.Debug|Any CPU.ActiveCfg = Debug|Any CPU
		{A8484518-DE08-4D59-A584-DC60458E97D3}.Debug|Any CPU.Build.0 = Debug|Any CPU
		{A8484518-DE08-4D59-A584-DC60458E97D3}.Release|Any CPU.ActiveCfg = Release|Any CPU
		{A8484518-DE08-4D59-A584-DC60458E97D3}.Release|Any CPU.Build.0 = Release|Any CPU
		{5DA9C158-D44A-4C36-9143-2E03558235F8}.Debug|Any CPU.ActiveCfg = Debug|Any CPU
		{5DA9C158-D44A-4C36-9143-2E03558235F8}.Debug|Any CPU.Build.0 = Debug|Any CPU
		{5DA9C158-D44A-4C36-9143-2E03558235F8}.Release|Any CPU.ActiveCfg = Release|Any CPU
		{5DA9C158-D44A-4C36-9143-2E03558235F8}.Release|Any CPU.Build.0 = Release|Any CPU
		{41146188-4D56-41CD-8455-66EB619F17E3}.Debug|Any CPU.ActiveCfg = Debug|Any CPU
		{41146188-4D56-41CD-8455-66EB619F17E3}.Debug|Any CPU.Build.0 = Debug|Any CPU
		{41146188-4D56-41CD-8455-66EB619F17E3}.Release|Any CPU.ActiveCfg = Release|Any CPU
		{41146188-4D56-41CD-8455-66EB619F17E3}.Release|Any CPU.Build.0 = Release|Any CPU
		{53BD0F61-CD4A-4765-80BF-1EF91767931D}.Debug|Any CPU.ActiveCfg = Debug|Any CPU
		{53BD0F61-CD4A-4765-80BF-1EF91767931D}.Debug|Any CPU.Build.0 = Debug|Any CPU
		{53BD0F61-CD4A-4765-80BF-1EF91767931D}.Release|Any CPU.ActiveCfg = Release|Any CPU
		{53BD0F61-CD4A-4765-80BF-1EF91767931D}.Release|Any CPU.Build.0 = Release|Any CPU
		{8367AC99-AB3B-4390-9E75-8E5AA7394E45}.Debug|Any CPU.ActiveCfg = Debug|Any CPU
		{8367AC99-AB3B-4390-9E75-8E5AA7394E45}.Debug|Any CPU.Build.0 = Debug|Any CPU
		{8367AC99-AB3B-4390-9E75-8E5AA7394E45}.Release|Any CPU.ActiveCfg = Release|Any CPU
		{8367AC99-AB3B-4390-9E75-8E5AA7394E45}.Release|Any CPU.Build.0 = Release|Any CPU
		{FD94C227-E23D-43FA-9480-BC6821041EE9}.Debug|Any CPU.ActiveCfg = Debug|Any CPU
		{FD94C227-E23D-43FA-9480-BC6821041EE9}.Debug|Any CPU.Build.0 = Debug|Any CPU
		{FD94C227-E23D-43FA-9480-BC6821041EE9}.Release|Any CPU.ActiveCfg = Release|Any CPU
		{FD94C227-E23D-43FA-9480-BC6821041EE9}.Release|Any CPU.Build.0 = Release|Any CPU
		{B3818F69-568D-4D2F-B602-E6092EF427D9}.Debug|Any CPU.ActiveCfg = Debug|Any CPU
		{B3818F69-568D-4D2F-B602-E6092EF427D9}.Debug|Any CPU.Build.0 = Debug|Any CPU
		{B3818F69-568D-4D2F-B602-E6092EF427D9}.Release|Any CPU.ActiveCfg = Release|Any CPU
		{B3818F69-568D-4D2F-B602-E6092EF427D9}.Release|Any CPU.Build.0 = Release|Any CPU
	EndGlobalSection
	GlobalSection(SolutionProperties) = preSolution
		HideSolutionNode = FALSE
	EndGlobalSection
	GlobalSection(NestedProjects) = preSolution
		{93DE2E81-7445-4B44-92E9-B0063D32D645} = {960DBF67-016F-439B-8BE7-F0C5EBB8D518}
		{6CB20D8B-9229-4195-8B44-DF2B6BCB40B9} = {960DBF67-016F-439B-8BE7-F0C5EBB8D518}
		{20FF8082-8F3E-47DA-A979-1BAC3B0CA256} = {960DBF67-016F-439B-8BE7-F0C5EBB8D518}
		{46F4D3AF-EB81-4C39-9407-F2C21B76FCD9} = {49F4C11A-CE0B-4B10-9AF5-C3CC2FE46B3C}
		{CA0A0D1C-ADFF-488D-83F5-4B476F368975} = {49F4C11A-CE0B-4B10-9AF5-C3CC2FE46B3C}
		{37D46072-D491-4B07-9E46-271155FA48B8} = {49F4C11A-CE0B-4B10-9AF5-C3CC2FE46B3C}
		{C414EC2A-5AC7-44DA-8084-083DD2A64952} = {EBC4CC17-F7BD-4EB2-9355-AF5250E08D66}
		{CE3239E5-3E99-4FB1-B870-5C1C5E35CDCF} = {EBC4CC17-F7BD-4EB2-9355-AF5250E08D66}
		{576C9C4B-34D3-4893-BE1E-64BFB0EF6EBD} = {EBC4CC17-F7BD-4EB2-9355-AF5250E08D66}
		{5BEBE828-4934-433A-89E4-0C8A7E21F13F} = {9531C838-365A-485D-80DF-588221F8F8E0}
		{9724FD05-6872-40E4-80BA-D39445942A7A} = {9531C838-365A-485D-80DF-588221F8F8E0}
		{815E5A45-E8C2-47A1-96D0-585E68F18B1F} = {9531C838-365A-485D-80DF-588221F8F8E0}
		{0803D507-45A9-4636-B25C-001451429545} = {A5AE4B4F-4329-4557-A098-6A6F31F7F36A}
		{CCC14079-D0E3-4C20-9D55-66B686F40872} = {A5AE4B4F-4329-4557-A098-6A6F31F7F36A}
		{A8484518-DE08-4D59-A584-DC60458E97D3} = {A5AE4B4F-4329-4557-A098-6A6F31F7F36A}
		{5DA9C158-D44A-4C36-9143-2E03558235F8} = {CE7675EE-0CA6-45F0-920D-CA1CB6C96C22}
		{41146188-4D56-41CD-8455-66EB619F17E3} = {CE7675EE-0CA6-45F0-920D-CA1CB6C96C22}
		{53BD0F61-CD4A-4765-80BF-1EF91767931D} = {CE7675EE-0CA6-45F0-920D-CA1CB6C96C22}
		{8367AC99-AB3B-4390-9E75-8E5AA7394E45} = {E6668E05-4CCD-4DCC-9A37-6DE4FCCBDB93}
		{FD94C227-E23D-43FA-9480-BC6821041EE9} = {E6668E05-4CCD-4DCC-9A37-6DE4FCCBDB93}
		{B3818F69-568D-4D2F-B602-E6092EF427D9} = {E6668E05-4CCD-4DCC-9A37-6DE4FCCBDB93}
	EndGlobalSection
	GlobalSection(ExtensibilityGlobals) = postSolution
		SolutionGuid = {30138902-C4D1-4006-9B0D-9CC6CCA110B0}
	EndGlobalSection
EndGlobal
