
Microsoft Visual Studio Solution File, Format Version 12.00
# Visual Studio Version 17
VisualStudioVersion = 17.11.35303.130
MinimumVisualStudioVersion = 10.0.40219.1
Project("{2150E333-8FDC-42A3-9474-1A3956D46DE8}") = "Task0", "Task0", "{960DBF67-016F-439B-8BE7-F0C5EBB8D518}"
EndProject
Project("{FAE04EC0-301F-11D3-BF4B-00C04F79EFBC}") = "Tyuiu.FilatovDK.Sprint2.Task0.V13", "Tyuiu.FilatovDK.Sprint2.Task0.V13\Tyuiu.FilatovDK.Sprint2.Task0.V13.csproj", "{93DE2E81-7445-4B44-92E9-B0063D32D645}"
EndProject
Project("{FAE04EC0-301F-11D3-BF4B-00C04F79EFBC}") = "Tyuiu.FilatovDK.Sprint2.Task0.V13.Test", "Tyuiu.FilatovDK.Sprint2.Task0.V13.Test\Tyuiu.FilatovDK.Sprint2.Task0.V13.Test.csproj", "{6CB20D8B-9229-4195-8B44-DF2B6BCB40B9}"
EndProject
Project("{FAE04EC0-301F-11D3-BF4B-00C04F79EFBC}") = "Tyuiu.FilatovDK.Sprint2.Task0.V13.Lib", "Tyuiu.FilatovDK.Sprint2.Task0.V13.Lib\Tyuiu.FilatovDK.Sprint2.Task0.V13.Lib.csproj", "{20FF8082-8F3E-47DA-A979-1BAC3B0CA256}"
EndProject
Project("{2150E333-8FDC-42A3-9474-1A3956D46DE8}") = "Task1", "Task1", "{49F4C11A-CE0B-4B10-9AF5-C3CC2FE46B3C}"
EndProject
Project("{FAE04EC0-301F-11D3-BF4B-00C04F79EFBC}") = "Tyuiu.FilatovDK.Sprint2.Task1.V3", "Tyuiu.FilatovDK.Sprint2.Task1.V3\Tyuiu.FilatovDK.Sprint2.Task1.V3.csproj", "{46F4D3AF-EB81-4C39-9407-F2C21B76FCD9}"
EndProject
Project("{FAE04EC0-301F-11D3-BF4B-00C04F79EFBC}") = "Tyuiu.FilatovDK.Sprint2.Task1.V3.Lib", "Tyuiu.FilatovDK.Sprint2.Task1.V3.Lib\Tyuiu.FilatovDK.Sprint2.Task1.V3.Lib.csproj", "{CA0A0D1C-ADFF-488D-83F5-4B476F368975}"
EndProject
Project("{FAE04EC0-301F-11D3-BF4B-00C04F79EFBC}") = "Tyuiu.FilatovDK.Sprint2.Task1.V3.Test", "Tyuiu.FilatovDK.Sprint2.Task1.V3.Test\Tyuiu.FilatovDK.Sprint2.Task1.V3.Test.csproj", "{37D46072-D491-4B07-9E46-271155FA48B8}"
EndProject
Project("{2150E333-8FDC-42A3-9474-1A3956D46DE8}") = "Task2", "Task2", "{EBC4CC17-F7BD-4EB2-9355-AF5250E08D66}"
EndProject
Project("{FAE04EC0-301F-11D3-BF4B-00C04F79EFBC}") = "Tyuiu.FilatovDK.Sprint2.Task2.V3", "Tyuiu.FilatovDK.Sprint2.Task2.V3\Tyuiu.FilatovDK.Sprint2.Task2.V3.csproj", "{C414EC2A-5AC7-44DA-8084-083DD2A64952}"
EndProject
Project("{FAE04EC0-301F-11D3-BF4B-00C04F79EFBC}") = "Tyuiu.FilatovDK.Sprint2.Task2.V3.Lib", "Tyuiu.FilatovDK.Sprint2.Task2.V3.Lib\Tyuiu.FilatovDK.Sprint2.Task2.V3.Lib.csproj", "{CE3239E5-3E99-4FB1-B870-5C1C5E35CDCF}"
EndProject
Project("{FAE04EC0-301F-11D3-BF4B-00C04F79EFBC}") = "Tyuiu.FilatovDK.Sprint2.Task2.V3.Test", "Tyuiu.FilatovDK.Sprint2.Task2.V3.Test\Tyuiu.FilatovDK.Sprint2.Task2.V3.Test.csproj", "{576C9C4B-34D3-4893-BE1E-64BFB0EF6EBD}"
EndProject
Project("{2150E333-8FDC-42A3-9474-1A3956D46DE8}") = "Task3", "Task3", "{9531C838-365A-485D-80DF-588221F8F8E0}"
EndProject
Project("{FAE04EC0-301F-11D3-BF4B-00C04F79EFBC}") = "Tyuiu.FilatovDK.Sprint2.Task3.V23", "Tyuiu.FilatovDK.Sprint2.Task3.V23\Tyuiu.FilatovDK.Sprint2.Task3.V23.csproj", "{5BEBE828-4934-433A-89E4-0C8A7E21F13F}"
EndProject
Project("{FAE04EC0-301F-11D3-BF4B-00C04F79EFBC}") = "Tyuiu.FilatovDK.Sprint2.Task3.V23.Lib", "Tyuiu.FilatovDK.Sprint2.Task3.V23.Lib\Tyuiu.FilatovDK.Sprint2.Task3.V23.Lib.csproj", "{9724FD05-6872-40E4-80BA-D39445942A7A}"
EndProject
Project("{FAE04EC0-301F-11D3-BF4B-00C04F79EFBC}") = "Tyuiu.FilatovDK.Sprint2.Task3.V23.Test", "Tyuiu.FilatovDK.Sprint2.Task3.V23.Test\Tyuiu.FilatovDK.Sprint2.Task3.V23.Test.csproj", "{815E5A45-E8C2-47A1-96D0-585E68F18B1F}"
EndProject
Global
	GlobalSection(SolutionConfigurationPlatforms) = preSolution
		Debug|Any CPU = Debug|Any CPU
		Release|Any CPU = Release|Any CPU
	EndGlobalSection
	GlobalSection(ProjectConfigurationPlatforms) = postSolution
		{93DE2E81-7445-4B44-92E9-B0063D32D645}.Debug|Any CPU.ActiveCfg = Debug|Any CPU
		{93DE2E81-7445-4B44-92E9-B0063D32D645}.Debug|Any CPU.Build.0 = Debug|Any CPU
		{93DE2E81-7445-4B44-92E9-B0063D32D645}.Release|Any CPU.ActiveCfg = Release|Any CPU
		{93DE2E81-7445-4B44-92E9-B0063D32D645}.Release|Any CPU.Build.0 = Release|Any CPU
		{6CB20D8B-9229-4195-8B44-DF2B6BCB40B9}.Debug|Any CPU.ActiveCfg = Debug|Any CPU
		{6CB20D8B-9229-4195-8B44-DF2B6BCB40B9}.Debug|Any CPU.Build.0 = Debug|Any CPU
		{6CB20D8B-9229-4195-8B44-DF2B6BCB40B9}.Release|Any CPU.ActiveCfg = Release|Any CPU
		{6CB20D8B-9229-4195-8B44-DF2B6BCB40B9}.Release|Any CPU.Build.0 = Release|Any CPU
		{20FF8082-8F3E-47DA-A979-1BAC3B0CA256}.Debug|Any CPU.ActiveCfg = Debug|Any CPU
		{20FF8082-8F3E-47DA-A979-1BAC3B0CA256}.Debug|Any CPU.Build.0 = Debug|Any CPU
		{20FF8082-8F3E-47DA-A979-1BAC3B0CA256}.Release|Any CPU.ActiveCfg = Release|Any CPU
		{20FF8082-8F3E-47DA-A979-1BAC3B0CA256}.Release|Any CPU.Build.0 = Release|Any CPU
		{46F4D3AF-EB81-4C39-9407-F2C21B76FCD9}.Debug|Any CPU.ActiveCfg = Debug|Any CPU
		{46F4D3AF-EB81-4C39-9407-F2C21B76FCD9}.Debug|Any CPU.Build.0 = Debug|Any CPU
		{46F4D3AF-EB81-4C39-9407-F2C21B76FCD9}.Release|Any CPU.ActiveCfg = Release|Any CPU
		{46F4D3AF-EB81-4C39-9407-F2C21B76FCD9}.Release|Any CPU.Build.0 = Release|Any CPU
		{CA0A0D1C-ADFF-488D-83F5-4B476F368975}.Debug|Any CPU.ActiveCfg = Debug|Any CPU
		{CA0A0D1C-ADFF-488D-83F5-4B476F368975}.Debug|Any CPU.Build.0 = Debug|Any CPU
		{CA0A0D1C-ADFF-488D-83F5-4B476F368975}.Release|Any CPU.ActiveCfg = Release|Any CPU
		{CA0A0D1C-ADFF-488D-83F5-4B476F368975}.Release|Any CPU.Build.0 = Release|Any CPU
		{37D46072-D491-4B07-9E46-271155FA48B8}.Debug|Any CPU.ActiveCfg = Debug|Any CPU
		{37D46072-D491-4B07-9E46-271155FA48B8}.Debug|Any CPU.Build.0 = Debug|Any CPU
		{37D46072-D491-4B07-9E46-271155FA48B8}.Release|Any CPU.ActiveCfg = Release|Any CPU
		{37D46072-D491-4B07-9E46-271155FA48B8}.Release|Any CPU.Build.0 = Release|Any CPU
		{C414EC2A-5AC7-44DA-8084-083DD2A64952}.Debug|Any CPU.ActiveCfg = Debug|Any CPU
		{C414EC2A-5AC7-44DA-8084-083DD2A64952}.Debug|Any CPU.Build.0 = Debug|Any CPU
		{C414EC2A-5AC7-44DA-8084-083DD2A64952}.Release|Any CPU.ActiveCfg = Release|Any CPU
		{C414EC2A-5AC7-44DA-8084-083DD2A64952}.Release|Any CPU.Build.0 = Release|Any CPU
		{CE3239E5-3E99-4FB1-B870-5C1C5E35CDCF}.Debug|Any CPU.ActiveCfg = Debug|Any CPU
		{CE3239E5-3E99-4FB1-B870-5C1C5E35CDCF}.Debug|Any CPU.Build.0 = Debug|Any CPU
		{CE3239E5-3E99-4FB1-B870-5C1C5E35CDCF}.Release|Any CPU.ActiveCfg = Release|Any CPU
		{CE3239E5-3E99-4FB1-B870-5C1C5E35CDCF}.Release|Any CPU.Build.0 = Release|Any CPU
		{576C9C4B-34D3-4893-BE1E-64BFB0EF6EBD}.Debug|Any CPU.ActiveCfg = Debug|Any CPU
		{576C9C4B-34D3-4893-BE1E-64BFB0EF6EBD}.Debug|Any CPU.Build.0 = Debug|Any CPU
		{576C9C4B-34D3-4893-BE1E-64BFB0EF6EBD}.Release|Any CPU.ActiveCfg = Release|Any CPU
		{576C9C4B-34D3-4893-BE1E-64BFB0EF6EBD}.Release|Any CPU.Build.0 = Release|Any CPU
		{5BEBE828-4934-433A-89E4-0C8A7E21F13F}.Debug|Any CPU.ActiveCfg = Debug|Any CPU
		{5BEBE828-4934-433A-89E4-0C8A7E21F13F}.Debug|Any CPU.Build.0 = Debug|Any CPU
		{5BEBE828-4934-433A-89E4-0C8A7E21F13F}.Release|Any CPU.ActiveCfg = Release|Any CPU
		{5BEBE828-4934-433A-89E4-0C8A7E21F13F}.Release|Any CPU.Build.0 = Release|Any CPU
		{9724FD05-6872-40E4-80BA-D39445942A7A}.Debug|Any CPU.ActiveCfg = Debug|Any CPU
		{9724FD05-6872-40E4-80BA-D39445942A7A}.Debug|Any CPU.Build.0 = Debug|Any CPU
		{9724FD05-6872-40E4-80BA-D39445942A7A}.Release|Any CPU.ActiveCfg = Release|Any CPU
		{9724FD05-6872-40E4-80BA-D39445942A7A}.Release|Any CPU.Build.0 = Release|Any CPU
		{815E5A45-E8C2-47A1-96D0-585E68F18B1F}.Debug|Any CPU.ActiveCfg = Debug|Any CPU
		{815E5A45-E8C2-47A1-96D0-585E68F18B1F}.Debug|Any CPU.Build.0 = Debug|Any CPU
		{815E5A45-E8C2-47A1-96D0-585E68F18B1F}.Release|Any CPU.ActiveCfg = Release|Any CPU
		{815E5A45-E8C2-47A1-96D0-585E68F18B1F}.Release|Any CPU.Build.0 = Release|Any CPU
	EndGlobalSection
	GlobalSection(SolutionProperties) = preSolution
		HideSolutionNode = FALSE
	EndGlobalSection
	GlobalSection(NestedProjects) = preSolution
		{93DE2E81-7445-4B44-92E9-B0063D32D645} = {960DBF67-016F-439B-8BE7-F0C5EBB8D518}
		{6CB20D8B-9229-4195-8B44-DF2B6BCB40B9} = {960DBF67-016F-439B-8BE7-F0C5EBB8D518}
		{20FF8082-8F3E-47DA-A979-1BAC3B0CA256} = {960DBF67-016F-439B-8BE7-F0C5EBB8D518}
		{46F4D3AF-EB81-4C39-9407-F2C21B76FCD9} = {49F4C11A-CE0B-4B10-9AF5-C3CC2FE46B3C}
		{CA0A0D1C-ADFF-488D-83F5-4B476F368975} = {49F4C11A-CE0B-4B10-9AF5-C3CC2FE46B3C}
		{37D46072-D491-4B07-9E46-271155FA48B8} = {49F4C11A-CE0B-4B10-9AF5-C3CC2FE46B3C}
		{C414EC2A-5AC7-44DA-8084-083DD2A64952} = {EBC4CC17-F7BD-4EB2-9355-AF5250E08D66}
		{CE3239E5-3E99-4FB1-B870-5C1C5E35CDCF} = {EBC4CC17-F7BD-4EB2-9355-AF5250E08D66}
		{576C9C4B-34D3-4893-BE1E-64BFB0EF6EBD} = {EBC4CC17-F7BD-4EB2-9355-AF5250E08D66}
		{5BEBE828-4934-433A-89E4-0C8A7E21F13F} = {9531C838-365A-485D-80DF-588221F8F8E0}
		{9724FD05-6872-40E4-80BA-D39445942A7A} = {9531C838-365A-485D-80DF-588221F8F8E0}
		{815E5A45-E8C2-47A1-96D0-585E68F18B1F} = {9531C838-365A-485D-80DF-588221F8F8E0}
	EndGlobalSection
	GlobalSection(ExtensibilityGlobals) = postSolution
		SolutionGuid = {30138902-C4D1-4006-9B0D-9CC6CCA110B0}
	EndGlobalSection
EndGlobal
